
Microsoft Visual Studio Solution File, Format Version 12.00
# Visual Studio Version 17
VisualStudioVersion = 17.8.34525.116
MinimumVisualStudioVersion = 10.0.40219.1
Project("{FAE04EC0-301F-11D3-BF4B-00C04F79EFBC}") = "EcoGame", "EcoGame\EcoGame.csproj", "{BB7F97EF-A0C4-41EC-B69B-BCF17BED9542}"
EndProject
Global
	GlobalSection(SolutionConfigurationPlatforms) = preSolution
		Debug|Any CPU = Debug|Any CPU
		Release|Any CPU = Release|Any CPU
	EndGlobalSection
	GlobalSection(ProjectConfigurationPlatforms) = postSolution
		{BB7F97EF-A0C4-41EC-B69B-BCF17BED9542}.Debug|Any CPU.ActiveCfg = Debug|Any CPU
		{BB7F97EF-A0C4-41EC-B69B-BCF17BED9542}.Debug|Any CPU.Build.0 = Debug|Any CPU
		{BB7F97EF-A0C4-41EC-B69B-BCF17BED9542}.Release|Any CPU.ActiveCfg = Release|Any CPU
		{BB7F97EF-A0C4-41EC-B69B-BCF17BED9542}.Release|Any CPU.Build.0 = Release|Any CPU
	EndGlobalSection
	GlobalSection(SolutionProperties) = preSolution
		HideSolutionNode = FALSE
	EndGlobalSection
	GlobalSection(ExtensibilityGlobals) = postSolution
		SolutionGuid = {6EFF0014-DC0B-4EB7-A32A-42723F5CBED6}
	EndGlobalSection
EndGlobal
